// !$*UTF8*$!
{
	archiveVersion = 1;
	classes = {
	};
	objectVersion = 56;
	objects = {

/* Begin PBXBuildFile section */
		1E3774EA2A844E7000DD5B52 /* LoginView.swift in Sources */ = {isa = PBXBuildFile; fileRef = 1E3774E92A844E7000DD5B52 /* LoginView.swift */; };
		1E3774F32A84604F00DD5B52 /* User+CoreDataClass.swift in Sources */ = {isa = PBXBuildFile; fileRef = 1E3774F12A84604F00DD5B52 /* User+CoreDataClass.swift */; };
		1E3774F42A84604F00DD5B52 /* User+CoreDataProperties.swift in Sources */ = {isa = PBXBuildFile; fileRef = 1E3774F22A84604F00DD5B52 /* User+CoreDataProperties.swift */; };
		1EAC01FB2A86E80F003247D5 /* FirebaseAuth in Frameworks */ = {isa = PBXBuildFile; productRef = 1EAC01FA2A86E80F003247D5 /* FirebaseAuth */; };
		1EAC01FD2A86E80F003247D5 /* FirebaseFirestore in Frameworks */ = {isa = PBXBuildFile; productRef = 1EAC01FC2A86E80F003247D5 /* FirebaseFirestore */; };
		1EAC01FF2A86E80F003247D5 /* FirebaseFirestoreSwift in Frameworks */ = {isa = PBXBuildFile; productRef = 1EAC01FE2A86E80F003247D5 /* FirebaseFirestoreSwift */; };
		1EAC02012A86E80F003247D5 /* FirebaseStorage in Frameworks */ = {isa = PBXBuildFile; productRef = 1EAC02002A86E80F003247D5 /* FirebaseStorage */; };
		1EAC02032A86EA51003247D5 /* GoogleService-Info.plist in Resources */ = {isa = PBXBuildFile; fileRef = 1EAC02022A86EA51003247D5 /* GoogleService-Info.plist */; };
		1EF92F3D29B6CE7100C6809E /* BookwormApp.swift in Sources */ = {isa = PBXBuildFile; fileRef = 1EF92F3C29B6CE7100C6809E /* BookwormApp.swift */; };
		1EF92F3F29B6CE7100C6809E /* ContentView.swift in Sources */ = {isa = PBXBuildFile; fileRef = 1EF92F3E29B6CE7100C6809E /* ContentView.swift */; };
		1EF92F4129B6CE7300C6809E /* Assets.xcassets in Resources */ = {isa = PBXBuildFile; fileRef = 1EF92F4029B6CE7300C6809E /* Assets.xcassets */; };
		1EF92F4529B6CE7300C6809E /* Preview Assets.xcassets in Resources */ = {isa = PBXBuildFile; fileRef = 1EF92F4429B6CE7300C6809E /* Preview Assets.xcassets */; };
		1EF92F4F29B6CE7400C6809E /* BookwormTests.swift in Sources */ = {isa = PBXBuildFile; fileRef = 1EF92F4E29B6CE7400C6809E /* BookwormTests.swift */; };
		1EF92F5929B6CE7400C6809E /* BookwormUITests.swift in Sources */ = {isa = PBXBuildFile; fileRef = 1EF92F5829B6CE7400C6809E /* BookwormUITests.swift */; };
		1EF92F5B29B6CE7400C6809E /* BookwormUITestsLaunchTests.swift in Sources */ = {isa = PBXBuildFile; fileRef = 1EF92F5A29B6CE7400C6809E /* BookwormUITestsLaunchTests.swift */; };
		1EF92F6929B6D0D900C6809E /* Bookworm.xcdatamodeld in Sources */ = {isa = PBXBuildFile; fileRef = 1EF92F6729B6D0D900C6809E /* Bookworm.xcdatamodeld */; };
		1EF92F6B29B6D14000C6809E /* DataController.swift in Sources */ = {isa = PBXBuildFile; fileRef = 1EF92F6A29B6D14000C6809E /* DataController.swift */; };
		1EF92F6D29B6D80900C6809E /* AddBookView.swift in Sources */ = {isa = PBXBuildFile; fileRef = 1EF92F6C29B6D80900C6809E /* AddBookView.swift */; };
		1EF92F6F29B6E25800C6809E /* RatingView.swift in Sources */ = {isa = PBXBuildFile; fileRef = 1EF92F6E29B6E25700C6809E /* RatingView.swift */; };
		1EF92F7129B6E4BC00C6809E /* EmojiRatingView.swift in Sources */ = {isa = PBXBuildFile; fileRef = 1EF92F7029B6E4BC00C6809E /* EmojiRatingView.swift */; };
		1EF92F7329B6FADD00C6809E /* DetailView.swift in Sources */ = {isa = PBXBuildFile; fileRef = 1EF92F7229B6FADD00C6809E /* DetailView.swift */; };
/* End PBXBuildFile section */

/* Begin PBXContainerItemProxy section */
		1EF92F4B29B6CE7300C6809E /* PBXContainerItemProxy */ = {
			isa = PBXContainerItemProxy;
			containerPortal = 1EF92F3129B6CE7100C6809E /* Project object */;
			proxyType = 1;
			remoteGlobalIDString = 1EF92F3829B6CE7100C6809E;
			remoteInfo = Bookworm;
		};
		1EF92F5529B6CE7400C6809E /* PBXContainerItemProxy */ = {
			isa = PBXContainerItemProxy;
			containerPortal = 1EF92F3129B6CE7100C6809E /* Project object */;
			proxyType = 1;
			remoteGlobalIDString = 1EF92F3829B6CE7100C6809E;
			remoteInfo = Bookworm;
		};
/* End PBXContainerItemProxy section */

/* Begin PBXFileReference section */
		1E3774E42A844AE700DD5B52 /* Bookworm 2.xcdatamodel */ = {isa = PBXFileReference; lastKnownFileType = wrapper.xcdatamodel; path = "Bookworm 2.xcdatamodel"; sourceTree = "<group>"; };
		1E3774E92A844E7000DD5B52 /* LoginView.swift */ = {isa = PBXFileReference; lastKnownFileType = sourcecode.swift; path = LoginView.swift; sourceTree = "<group>"; };
		1E3774F12A84604F00DD5B52 /* User+CoreDataClass.swift */ = {isa = PBXFileReference; lastKnownFileType = sourcecode.swift; path = "User+CoreDataClass.swift"; sourceTree = "<group>"; };
		1E3774F22A84604F00DD5B52 /* User+CoreDataProperties.swift */ = {isa = PBXFileReference; lastKnownFileType = sourcecode.swift; path = "User+CoreDataProperties.swift"; sourceTree = "<group>"; };
		1EAC02022A86EA51003247D5 /* GoogleService-Info.plist */ = {isa = PBXFileReference; lastKnownFileType = text.plist; path = "GoogleService-Info.plist"; sourceTree = SOURCE_ROOT; };
		1EF92F3929B6CE7100C6809E /* Bookworm.app */ = {isa = PBXFileReference; explicitFileType = wrapper.application; includeInIndex = 0; path = Bookworm.app; sourceTree = BUILT_PRODUCTS_DIR; };
		1EF92F3C29B6CE7100C6809E /* BookwormApp.swift */ = {isa = PBXFileReference; lastKnownFileType = sourcecode.swift; path = BookwormApp.swift; sourceTree = "<group>"; };
		1EF92F3E29B6CE7100C6809E /* ContentView.swift */ = {isa = PBXFileReference; lastKnownFileType = sourcecode.swift; path = ContentView.swift; sourceTree = "<group>"; };
		1EF92F4029B6CE7300C6809E /* Assets.xcassets */ = {isa = PBXFileReference; lastKnownFileType = folder.assetcatalog; path = Assets.xcassets; sourceTree = "<group>"; };
		1EF92F4229B6CE7300C6809E /* Bookworm.entitlements */ = {isa = PBXFileReference; lastKnownFileType = text.plist.entitlements; path = Bookworm.entitlements; sourceTree = "<group>"; };
		1EF92F4429B6CE7300C6809E /* Preview Assets.xcassets */ = {isa = PBXFileReference; lastKnownFileType = folder.assetcatalog; path = "Preview Assets.xcassets"; sourceTree = "<group>"; };
		1EF92F4A29B6CE7300C6809E /* BookwormTests.xctest */ = {isa = PBXFileReference; explicitFileType = wrapper.cfbundle; includeInIndex = 0; path = BookwormTests.xctest; sourceTree = BUILT_PRODUCTS_DIR; };
		1EF92F4E29B6CE7400C6809E /* BookwormTests.swift */ = {isa = PBXFileReference; lastKnownFileType = sourcecode.swift; path = BookwormTests.swift; sourceTree = "<group>"; };
		1EF92F5429B6CE7400C6809E /* BookwormUITests.xctest */ = {isa = PBXFileReference; explicitFileType = wrapper.cfbundle; includeInIndex = 0; path = BookwormUITests.xctest; sourceTree = BUILT_PRODUCTS_DIR; };
		1EF92F5829B6CE7400C6809E /* BookwormUITests.swift */ = {isa = PBXFileReference; lastKnownFileType = sourcecode.swift; path = BookwormUITests.swift; sourceTree = "<group>"; };
		1EF92F5A29B6CE7400C6809E /* BookwormUITestsLaunchTests.swift */ = {isa = PBXFileReference; lastKnownFileType = sourcecode.swift; path = BookwormUITestsLaunchTests.swift; sourceTree = "<group>"; };
		1EF92F6829B6D0D900C6809E /* Bookworm.xcdatamodel */ = {isa = PBXFileReference; lastKnownFileType = wrapper.xcdatamodel; path = Bookworm.xcdatamodel; sourceTree = "<group>"; };
		1EF92F6A29B6D14000C6809E /* DataController.swift */ = {isa = PBXFileReference; lastKnownFileType = sourcecode.swift; path = DataController.swift; sourceTree = "<group>"; };
		1EF92F6C29B6D80900C6809E /* AddBookView.swift */ = {isa = PBXFileReference; lastKnownFileType = sourcecode.swift; path = AddBookView.swift; sourceTree = "<group>"; };
		1EF92F6E29B6E25700C6809E /* RatingView.swift */ = {isa = PBXFileReference; lastKnownFileType = sourcecode.swift; path = RatingView.swift; sourceTree = "<group>"; };
		1EF92F7029B6E4BC00C6809E /* EmojiRatingView.swift */ = {isa = PBXFileReference; lastKnownFileType = sourcecode.swift; path = EmojiRatingView.swift; sourceTree = "<group>"; };
		1EF92F7229B6FADD00C6809E /* DetailView.swift */ = {isa = PBXFileReference; lastKnownFileType = sourcecode.swift; path = DetailView.swift; sourceTree = "<group>"; };
/* End PBXFileReference section */

/* Begin PBXFrameworksBuildPhase section */
		1EF92F3629B6CE7100C6809E /* Frameworks */ = {
			isa = PBXFrameworksBuildPhase;
			buildActionMask = 2147483647;
			files = (
				1EAC01FB2A86E80F003247D5 /* FirebaseAuth in Frameworks */,
				1EAC02012A86E80F003247D5 /* FirebaseStorage in Frameworks */,
				1EAC01FD2A86E80F003247D5 /* FirebaseFirestore in Frameworks */,
				1EAC01FF2A86E80F003247D5 /* FirebaseFirestoreSwift in Frameworks */,
			);
			runOnlyForDeploymentPostprocessing = 0;
		};
		1EF92F4729B6CE7300C6809E /* Frameworks */ = {
			isa = PBXFrameworksBuildPhase;
			buildActionMask = 2147483647;
			files = (
			);
			runOnlyForDeploymentPostprocessing = 0;
		};
		1EF92F5129B6CE7400C6809E /* Frameworks */ = {
			isa = PBXFrameworksBuildPhase;
			buildActionMask = 2147483647;
			files = (
			);
			runOnlyForDeploymentPostprocessing = 0;
		};
/* End PBXFrameworksBuildPhase section */

/* Begin PBXGroup section */
		1EF92F3029B6CE7100C6809E = {
			isa = PBXGroup;
			children = (
				1EF92F3B29B6CE7100C6809E /* Bookworm */,
				1EF92F4D29B6CE7300C6809E /* BookwormTests */,
				1EF92F5729B6CE7400C6809E /* BookwormUITests */,
				1EF92F3A29B6CE7100C6809E /* Products */,
			);
			sourceTree = "<group>";
		};
		1EF92F3A29B6CE7100C6809E /* Products */ = {
			isa = PBXGroup;
			children = (
				1EF92F3929B6CE7100C6809E /* Bookworm.app */,
				1EF92F4A29B6CE7300C6809E /* BookwormTests.xctest */,
				1EF92F5429B6CE7400C6809E /* BookwormUITests.xctest */,
			);
			name = Products;
			sourceTree = "<group>";
		};
		1EF92F3B29B6CE7100C6809E /* Bookworm */ = {
			isa = PBXGroup;
			children = (
				1EF92F3C29B6CE7100C6809E /* BookwormApp.swift */,
				1EF92F3E29B6CE7100C6809E /* ContentView.swift */,
				1EF92F7029B6E4BC00C6809E /* EmojiRatingView.swift */,
				1EF92F6C29B6D80900C6809E /* AddBookView.swift */,
				1EF92F6E29B6E25700C6809E /* RatingView.swift */,
				1EF92F7229B6FADD00C6809E /* DetailView.swift */,
				1E3774E92A844E7000DD5B52 /* LoginView.swift */,
				1EF92F6A29B6D14000C6809E /* DataController.swift */,
				1E3774F12A84604F00DD5B52 /* User+CoreDataClass.swift */,
				1E3774F22A84604F00DD5B52 /* User+CoreDataProperties.swift */,
				1EF92F6729B6D0D900C6809E /* Bookworm.xcdatamodeld */,
				1EF92F4029B6CE7300C6809E /* Assets.xcassets */,
				1EAC02022A86EA51003247D5 /* GoogleService-Info.plist */,
				1EF92F4229B6CE7300C6809E /* Bookworm.entitlements */,
				1EF92F4329B6CE7300C6809E /* Preview Content */,
			);
			path = Bookworm;
			sourceTree = "<group>";
		};
		1EF92F4329B6CE7300C6809E /* Preview Content */ = {
			isa = PBXGroup;
			children = (
				1EF92F4429B6CE7300C6809E /* Preview Assets.xcassets */,
			);
			path = "Preview Content";
			sourceTree = "<group>";
		};
		1EF92F4D29B6CE7300C6809E /* BookwormTests */ = {
			isa = PBXGroup;
			children = (
				1EF92F4E29B6CE7400C6809E /* BookwormTests.swift */,
			);
			path = BookwormTests;
			sourceTree = "<group>";
		};
		1EF92F5729B6CE7400C6809E /* BookwormUITests */ = {
			isa = PBXGroup;
			children = (
				1EF92F5829B6CE7400C6809E /* BookwormUITests.swift */,
				1EF92F5A29B6CE7400C6809E /* BookwormUITestsLaunchTests.swift */,
			);
			path = BookwormUITests;
			sourceTree = "<group>";
		};
/* End PBXGroup section */

/* Begin PBXNativeTarget section */
		1EF92F3829B6CE7100C6809E /* Bookworm */ = {
			isa = PBXNativeTarget;
			buildConfigurationList = 1EF92F5E29B6CE7400C6809E /* Build configuration list for PBXNativeTarget "Bookworm" */;
			buildPhases = (
				1EF92F3529B6CE7100C6809E /* Sources */,
				1EF92F3629B6CE7100C6809E /* Frameworks */,
				1EF92F3729B6CE7100C6809E /* Resources */,
			);
			buildRules = (
			);
			dependencies = (
			);
			name = Bookworm;
			packageProductDependencies = (
				1EAC01FA2A86E80F003247D5 /* FirebaseAuth */,
				1EAC01FC2A86E80F003247D5 /* FirebaseFirestore */,
				1EAC01FE2A86E80F003247D5 /* FirebaseFirestoreSwift */,
				1EAC02002A86E80F003247D5 /* FirebaseStorage */,
			);
			productName = Bookworm;
			productReference = 1EF92F3929B6CE7100C6809E /* Bookworm.app */;
			productType = "com.apple.product-type.application";
		};
		1EF92F4929B6CE7300C6809E /* BookwormTests */ = {
			isa = PBXNativeTarget;
			buildConfigurationList = 1EF92F6129B6CE7400C6809E /* Build configuration list for PBXNativeTarget "BookwormTests" */;
			buildPhases = (
				1EF92F4629B6CE7300C6809E /* Sources */,
				1EF92F4729B6CE7300C6809E /* Frameworks */,
				1EF92F4829B6CE7300C6809E /* Resources */,
			);
			buildRules = (
			);
			dependencies = (
				1EF92F4C29B6CE7300C6809E /* PBXTargetDependency */,
			);
			name = BookwormTests;
			productName = BookwormTests;
			productReference = 1EF92F4A29B6CE7300C6809E /* BookwormTests.xctest */;
			productType = "com.apple.product-type.bundle.unit-test";
		};
		1EF92F5329B6CE7400C6809E /* BookwormUITests */ = {
			isa = PBXNativeTarget;
			buildConfigurationList = 1EF92F6429B6CE7400C6809E /* Build configuration list for PBXNativeTarget "BookwormUITests" */;
			buildPhases = (
				1EF92F5029B6CE7400C6809E /* Sources */,
				1EF92F5129B6CE7400C6809E /* Frameworks */,
				1EF92F5229B6CE7400C6809E /* Resources */,
			);
			buildRules = (
			);
			dependencies = (
				1EF92F5629B6CE7400C6809E /* PBXTargetDependency */,
			);
			name = BookwormUITests;
			productName = BookwormUITests;
			productReference = 1EF92F5429B6CE7400C6809E /* BookwormUITests.xctest */;
			productType = "com.apple.product-type.bundle.ui-testing";
		};
/* End PBXNativeTarget section */

/* Begin PBXProject section */
		1EF92F3129B6CE7100C6809E /* Project object */ = {
			isa = PBXProject;
			attributes = {
				BuildIndependentTargetsInParallel = 1;
				LastSwiftUpdateCheck = 1420;
				LastUpgradeCheck = 1430;
				TargetAttributes = {
					1EF92F3829B6CE7100C6809E = {
						CreatedOnToolsVersion = 14.2;
					};
					1EF92F4929B6CE7300C6809E = {
						CreatedOnToolsVersion = 14.2;
						TestTargetID = 1EF92F3829B6CE7100C6809E;
					};
					1EF92F5329B6CE7400C6809E = {
						CreatedOnToolsVersion = 14.2;
						TestTargetID = 1EF92F3829B6CE7100C6809E;
					};
				};
			};
			buildConfigurationList = 1EF92F3429B6CE7100C6809E /* Build configuration list for PBXProject "Bookworm" */;
			compatibilityVersion = "Xcode 14.0";
			developmentRegion = en;
			hasScannedForEncodings = 0;
			knownRegions = (
				en,
				Base,
			);
			mainGroup = 1EF92F3029B6CE7100C6809E;
			packageReferences = (
				1EAC01F92A86E80F003247D5 /* XCRemoteSwiftPackageReference "firebase-ios-sdk" */,
			);
			productRefGroup = 1EF92F3A29B6CE7100C6809E /* Products */;
			projectDirPath = "";
			projectRoot = "";
			targets = (
				1EF92F3829B6CE7100C6809E /* Bookworm */,
				1EF92F4929B6CE7300C6809E /* BookwormTests */,
				1EF92F5329B6CE7400C6809E /* BookwormUITests */,
			);
		};
/* End PBXProject section */

/* Begin PBXResourcesBuildPhase section */
		1EF92F3729B6CE7100C6809E /* Resources */ = {
			isa = PBXResourcesBuildPhase;
			buildActionMask = 2147483647;
			files = (
				1EF92F4529B6CE7300C6809E /* Preview Assets.xcassets in Resources */,
				1EF92F4129B6CE7300C6809E /* Assets.xcassets in Resources */,
				1EAC02032A86EA51003247D5 /* GoogleService-Info.plist in Resources */,
			);
			runOnlyForDeploymentPostprocessing = 0;
		};
		1EF92F4829B6CE7300C6809E /* Resources */ = {
			isa = PBXResourcesBuildPhase;
			buildActionMask = 2147483647;
			files = (
			);
			runOnlyForDeploymentPostprocessing = 0;
		};
		1EF92F5229B6CE7400C6809E /* Resources */ = {
			isa = PBXResourcesBuildPhase;
			buildActionMask = 2147483647;
			files = (
			);
			runOnlyForDeploymentPostprocessing = 0;
		};
/* End PBXResourcesBuildPhase section */

/* Begin PBXSourcesBuildPhase section */
		1EF92F3529B6CE7100C6809E /* Sources */ = {
			isa = PBXSourcesBuildPhase;
			buildActionMask = 2147483647;
			files = (
				1EF92F3F29B6CE7100C6809E /* ContentView.swift in Sources */,
				1EF92F7329B6FADD00C6809E /* DetailView.swift in Sources */,
				1E3774F42A84604F00DD5B52 /* User+CoreDataProperties.swift in Sources */,
				1EF92F6B29B6D14000C6809E /* DataController.swift in Sources */,
				1EF92F7129B6E4BC00C6809E /* EmojiRatingView.swift in Sources */,
				1EF92F6929B6D0D900C6809E /* Bookworm.xcdatamodeld in Sources */,
				1EF92F6F29B6E25800C6809E /* RatingView.swift in Sources */,
				1EF92F3D29B6CE7100C6809E /* BookwormApp.swift in Sources */,
				1E3774F32A84604F00DD5B52 /* User+CoreDataClass.swift in Sources */,
				1E3774EA2A844E7000DD5B52 /* LoginView.swift in Sources */,
				1EF92F6D29B6D80900C6809E /* AddBookView.swift in Sources */,
			);
			runOnlyForDeploymentPostprocessing = 0;
		};
		1EF92F4629B6CE7300C6809E /* Sources */ = {
			isa = PBXSourcesBuildPhase;
			buildActionMask = 2147483647;
			files = (
				1EF92F4F29B6CE7400C6809E /* BookwormTests.swift in Sources */,
			);
			runOnlyForDeploymentPostprocessing = 0;
		};
		1EF92F5029B6CE7400C6809E /* Sources */ = {
			isa = PBXSourcesBuildPhase;
			buildActionMask = 2147483647;
			files = (
				1EF92F5B29B6CE7400C6809E /* BookwormUITestsLaunchTests.swift in Sources */,
				1EF92F5929B6CE7400C6809E /* BookwormUITests.swift in Sources */,
			);
			runOnlyForDeploymentPostprocessing = 0;
		};
/* End PBXSourcesBuildPhase section */

/* Begin PBXTargetDependency section */
		1EF92F4C29B6CE7300C6809E /* PBXTargetDependency */ = {
			isa = PBXTargetDependency;
			target = 1EF92F3829B6CE7100C6809E /* Bookworm */;
			targetProxy = 1EF92F4B29B6CE7300C6809E /* PBXContainerItemProxy */;
		};
		1EF92F5629B6CE7400C6809E /* PBXTargetDependency */ = {
			isa = PBXTargetDependency;
			target = 1EF92F3829B6CE7100C6809E /* Bookworm */;
			targetProxy = 1EF92F5529B6CE7400C6809E /* PBXContainerItemProxy */;
		};
/* End PBXTargetDependency section */

/* Begin XCBuildConfiguration section */
		1EF92F5C29B6CE7400C6809E /* Debug */ = {
			isa = XCBuildConfiguration;
			buildSettings = {
				ALWAYS_SEARCH_USER_PATHS = NO;
				CLANG_ANALYZER_NONNULL = YES;
				CLANG_ANALYZER_NUMBER_OBJECT_CONVERSION = YES_AGGRESSIVE;
				CLANG_CXX_LANGUAGE_STANDARD = "gnu++20";
				CLANG_ENABLE_MODULES = YES;
				CLANG_ENABLE_OBJC_ARC = YES;
				CLANG_ENABLE_OBJC_WEAK = YES;
				CLANG_WARN_BLOCK_CAPTURE_AUTORELEASING = YES;
				CLANG_WARN_BOOL_CONVERSION = YES;
				CLANG_WARN_COMMA = YES;
				CLANG_WARN_CONSTANT_CONVERSION = YES;
				CLANG_WARN_DEPRECATED_OBJC_IMPLEMENTATIONS = YES;
				CLANG_WARN_DIRECT_OBJC_ISA_USAGE = YES_ERROR;
				CLANG_WARN_DOCUMENTATION_COMMENTS = YES;
				CLANG_WARN_EMPTY_BODY = YES;
				CLANG_WARN_ENUM_CONVERSION = YES;
				CLANG_WARN_INFINITE_RECURSION = YES;
				CLANG_WARN_INT_CONVERSION = YES;
				CLANG_WARN_NON_LITERAL_NULL_CONVERSION = YES;
				CLANG_WARN_OBJC_IMPLICIT_RETAIN_SELF = YES;
				CLANG_WARN_OBJC_LITERAL_CONVERSION = YES;
				CLANG_WARN_OBJC_ROOT_CLASS = YES_ERROR;
				CLANG_WARN_QUOTED_INCLUDE_IN_FRAMEWORK_HEADER = YES;
				CLANG_WARN_RANGE_LOOP_ANALYSIS = YES;
				CLANG_WARN_STRICT_PROTOTYPES = YES;
				CLANG_WARN_SUSPICIOUS_MOVE = YES;
				CLANG_WARN_UNGUARDED_AVAILABILITY = YES_AGGRESSIVE;
				CLANG_WARN_UNREACHABLE_CODE = YES;
				CLANG_WARN__DUPLICATE_METHOD_MATCH = YES;
				COPY_PHASE_STRIP = NO;
				DEAD_CODE_STRIPPING = YES;
				DEBUG_INFORMATION_FORMAT = dwarf;
				ENABLE_STRICT_OBJC_MSGSEND = YES;
				ENABLE_TESTABILITY = YES;
				GCC_C_LANGUAGE_STANDARD = gnu11;
				GCC_DYNAMIC_NO_PIC = NO;
				GCC_NO_COMMON_BLOCKS = YES;
				GCC_OPTIMIZATION_LEVEL = 0;
				GCC_PREPROCESSOR_DEFINITIONS = (
					"DEBUG=1",
					"$(inherited)",
				);
				GCC_WARN_64_TO_32_BIT_CONVERSION = YES;
				GCC_WARN_ABOUT_RETURN_TYPE = YES_ERROR;
				GCC_WARN_UNDECLARED_SELECTOR = YES;
				GCC_WARN_UNINITIALIZED_AUTOS = YES_AGGRESSIVE;
				GCC_WARN_UNUSED_FUNCTION = YES;
				GCC_WARN_UNUSED_VARIABLE = YES;
				MTL_ENABLE_DEBUG_INFO = INCLUDE_SOURCE;
				MTL_FAST_MATH = YES;
				ONLY_ACTIVE_ARCH = YES;
				SWIFT_ACTIVE_COMPILATION_CONDITIONS = DEBUG;
				SWIFT_OPTIMIZATION_LEVEL = "-Onone";
			};
			name = Debug;
		};
		1EF92F5D29B6CE7400C6809E /* Release */ = {
			isa = XCBuildConfiguration;
			buildSettings = {
				ALWAYS_SEARCH_USER_PATHS = NO;
				CLANG_ANALYZER_NONNULL = YES;
				CLANG_ANALYZER_NUMBER_OBJECT_CONVERSION = YES_AGGRESSIVE;
				CLANG_CXX_LANGUAGE_STANDARD = "gnu++20";
				CLANG_ENABLE_MODULES = YES;
				CLANG_ENABLE_OBJC_ARC = YES;
				CLANG_ENABLE_OBJC_WEAK = YES;
				CLANG_WARN_BLOCK_CAPTURE_AUTORELEASING = YES;
				CLANG_WARN_BOOL_CONVERSION = YES;
				CLANG_WARN_COMMA = YES;
				CLANG_WARN_CONSTANT_CONVERSION = YES;
				CLANG_WARN_DEPRECATED_OBJC_IMPLEMENTATIONS = YES;
				CLANG_WARN_DIRECT_OBJC_ISA_USAGE = YES_ERROR;
				CLANG_WARN_DOCUMENTATION_COMMENTS = YES;
				CLANG_WARN_EMPTY_BODY = YES;
				CLANG_WARN_ENUM_CONVERSION = YES;
				CLANG_WARN_INFINITE_RECURSION = YES;
				CLANG_WARN_INT_CONVERSION = YES;
				CLANG_WARN_NON_LITERAL_NULL_CONVERSION = YES;
				CLANG_WARN_OBJC_IMPLICIT_RETAIN_SELF = YES;
				CLANG_WARN_OBJC_LITERAL_CONVERSION = YES;
				CLANG_WARN_OBJC_ROOT_CLASS = YES_ERROR;
				CLANG_WARN_QUOTED_INCLUDE_IN_FRAMEWORK_HEADER = YES;
				CLANG_WARN_RANGE_LOOP_ANALYSIS = YES;
				CLANG_WARN_STRICT_PROTOTYPES = YES;
				CLANG_WARN_SUSPICIOUS_MOVE = YES;
				CLANG_WARN_UNGUARDED_AVAILABILITY = YES_AGGRESSIVE;
				CLANG_WARN_UNREACHABLE_CODE = YES;
				CLANG_WARN__DUPLICATE_METHOD_MATCH = YES;
				COPY_PHASE_STRIP = NO;
				DEAD_CODE_STRIPPING = YES;
				DEBUG_INFORMATION_FORMAT = "dwarf-with-dsym";
				ENABLE_NS_ASSERTIONS = NO;
				ENABLE_STRICT_OBJC_MSGSEND = YES;
				GCC_C_LANGUAGE_STANDARD = gnu11;
				GCC_NO_COMMON_BLOCKS = YES;
				GCC_WARN_64_TO_32_BIT_CONVERSION = YES;
				GCC_WARN_ABOUT_RETURN_TYPE = YES_ERROR;
				GCC_WARN_UNDECLARED_SELECTOR = YES;
				GCC_WARN_UNINITIALIZED_AUTOS = YES_AGGRESSIVE;
				GCC_WARN_UNUSED_FUNCTION = YES;
				GCC_WARN_UNUSED_VARIABLE = YES;
				MTL_ENABLE_DEBUG_INFO = NO;
				MTL_FAST_MATH = YES;
				SWIFT_COMPILATION_MODE = wholemodule;
				SWIFT_OPTIMIZATION_LEVEL = "-O";
			};
			name = Release;
		};
		1EF92F5F29B6CE7400C6809E /* Debug */ = {
			isa = XCBuildConfiguration;
			buildSettings = {
				ASSETCATALOG_COMPILER_APPICON_NAME = AppIcon;
				ASSETCATALOG_COMPILER_GLOBAL_ACCENT_COLOR_NAME = AccentColor;
				CODE_SIGN_ENTITLEMENTS = Bookworm/Bookworm.entitlements;
				CODE_SIGN_STYLE = Automatic;
				CURRENT_PROJECT_VERSION = 1;
				DEAD_CODE_STRIPPING = YES;
				DEVELOPMENT_ASSET_PATHS = "\"Bookworm/Preview Content\"";
				ENABLE_PREVIEWS = YES;
				GENERATE_INFOPLIST_FILE = YES;
				"INFOPLIST_KEY_UIApplicationSceneManifest_Generation[sdk=iphoneos*]" = YES;
				"INFOPLIST_KEY_UIApplicationSceneManifest_Generation[sdk=iphonesimulator*]" = YES;
				"INFOPLIST_KEY_UIApplicationSupportsIndirectInputEvents[sdk=iphoneos*]" = YES;
				"INFOPLIST_KEY_UIApplicationSupportsIndirectInputEvents[sdk=iphonesimulator*]" = YES;
				"INFOPLIST_KEY_UILaunchScreen_Generation[sdk=iphoneos*]" = YES;
				"INFOPLIST_KEY_UILaunchScreen_Generation[sdk=iphonesimulator*]" = YES;
				"INFOPLIST_KEY_UIStatusBarStyle[sdk=iphoneos*]" = UIStatusBarStyleDefault;
				"INFOPLIST_KEY_UIStatusBarStyle[sdk=iphonesimulator*]" = UIStatusBarStyleDefault;
				INFOPLIST_KEY_UISupportedInterfaceOrientations_iPad = "UIInterfaceOrientationPortrait UIInterfaceOrientationPortraitUpsideDown UIInterfaceOrientationLandscapeLeft UIInterfaceOrientationLandscapeRight";
				INFOPLIST_KEY_UISupportedInterfaceOrientations_iPhone = "UIInterfaceOrientationPortrait UIInterfaceOrientationLandscapeLeft UIInterfaceOrientationLandscapeRight";
				IPHONEOS_DEPLOYMENT_TARGET = 16.2;
				LD_RUNPATH_SEARCH_PATHS = "@executable_path/Frameworks";
				"LD_RUNPATH_SEARCH_PATHS[sdk=macosx*]" = "@executable_path/../Frameworks";
				MACOSX_DEPLOYMENT_TARGET = 13.1;
				MARKETING_VERSION = 1.0;
				PRODUCT_BUNDLE_IDENTIFIER = "Vivien-Quach.Bookworm";
				PRODUCT_NAME = "$(TARGET_NAME)";
				SDKROOT = auto;
				SUPPORTED_PLATFORMS = "iphoneos iphonesimulator macosx";
				SWIFT_EMIT_LOC_STRINGS = YES;
				SWIFT_VERSION = 5.0;
				TARGETED_DEVICE_FAMILY = "1,2";
			};
			name = Debug;
		};
		1EF92F6029B6CE7400C6809E /* Release */ = {
			isa = XCBuildConfiguration;
			buildSettings = {
				ASSETCATALOG_COMPILER_APPICON_NAME = AppIcon;
				ASSETCATALOG_COMPILER_GLOBAL_ACCENT_COLOR_NAME = AccentColor;
				CODE_SIGN_ENTITLEMENTS = Bookworm/Bookworm.entitlements;
				CODE_SIGN_STYLE = Automatic;
				CURRENT_PROJECT_VERSION = 1;
				DEAD_CODE_STRIPPING = YES;
				DEVELOPMENT_ASSET_PATHS = "\"Bookworm/Preview Content\"";
				ENABLE_PREVIEWS = YES;
				GENERATE_INFOPLIST_FILE = YES;
				"INFOPLIST_KEY_UIApplicationSceneManifest_Generation[sdk=iphoneos*]" = YES;
				"INFOPLIST_KEY_UIApplicationSceneManifest_Generation[sdk=iphonesimulator*]" = YES;
				"INFOPLIST_KEY_UIApplicationSupportsIndirectInputEvents[sdk=iphoneos*]" = YES;
				"INFOPLIST_KEY_UIApplicationSupportsIndirectInputEvents[sdk=iphonesimulator*]" = YES;
				"INFOPLIST_KEY_UILaunchScreen_Generation[sdk=iphoneos*]" = YES;
				"INFOPLIST_KEY_UILaunchScreen_Generation[sdk=iphonesimulator*]" = YES;
				"INFOPLIST_KEY_UIStatusBarStyle[sdk=iphoneos*]" = UIStatusBarStyleDefault;
				"INFOPLIST_KEY_UIStatusBarStyle[sdk=iphonesimulator*]" = UIStatusBarStyleDefault;
				INFOPLIST_KEY_UISupportedInterfaceOrientations_iPad = "UIInterfaceOrientationPortrait UIInterfaceOrientationPortraitUpsideDown UIInterfaceOrientationLandscapeLeft UIInterfaceOrientationLandscapeRight";
				INFOPLIST_KEY_UISupportedInterfaceOrientations_iPhone = "UIInterfaceOrientationPortrait UIInterfaceOrientationLandscapeLeft UIInterfaceOrientationLandscapeRight";
				IPHONEOS_DEPLOYMENT_TARGET = 16.2;
				LD_RUNPATH_SEARCH_PATHS = "@executable_path/Frameworks";
				"LD_RUNPATH_SEARCH_PATHS[sdk=macosx*]" = "@executable_path/../Frameworks";
				MACOSX_DEPLOYMENT_TARGET = 13.1;
				MARKETING_VERSION = 1.0;
				PRODUCT_BUNDLE_IDENTIFIER = "Vivien-Quach.Bookworm";
				PRODUCT_NAME = "$(TARGET_NAME)";
				SDKROOT = auto;
				SUPPORTED_PLATFORMS = "iphoneos iphonesimulator macosx";
				SWIFT_EMIT_LOC_STRINGS = YES;
				SWIFT_VERSION = 5.0;
				TARGETED_DEVICE_FAMILY = "1,2";
			};
			name = Release;
		};
		1EF92F6229B6CE7400C6809E /* Debug */ = {
			isa = XCBuildConfiguration;
			buildSettings = {
				ALWAYS_EMBED_SWIFT_STANDARD_LIBRARIES = YES;
				BUNDLE_LOADER = "$(TEST_HOST)";
				CODE_SIGN_STYLE = Automatic;
				CURRENT_PROJECT_VERSION = 1;
				DEAD_CODE_STRIPPING = YES;
				GENERATE_INFOPLIST_FILE = YES;
				IPHONEOS_DEPLOYMENT_TARGET = 16.2;
				MACOSX_DEPLOYMENT_TARGET = 13.1;
				MARKETING_VERSION = 1.0;
				PRODUCT_BUNDLE_IDENTIFIER = "Vivien-Quach.BookwormTests";
				PRODUCT_NAME = "$(TARGET_NAME)";
				SDKROOT = auto;
				SUPPORTED_PLATFORMS = "iphoneos iphonesimulator macosx";
				SWIFT_EMIT_LOC_STRINGS = NO;
				SWIFT_VERSION = 5.0;
				TARGETED_DEVICE_FAMILY = "1,2";
				TEST_HOST = "$(BUILT_PRODUCTS_DIR)/Bookworm.app/$(BUNDLE_EXECUTABLE_FOLDER_PATH)/Bookworm";
			};
			name = Debug;
		};
		1EF92F6329B6CE7400C6809E /* Release */ = {
			isa = XCBuildConfiguration;
			buildSettings = {
				ALWAYS_EMBED_SWIFT_STANDARD_LIBRARIES = YES;
				BUNDLE_LOADER = "$(TEST_HOST)";
				CODE_SIGN_STYLE = Automatic;
				CURRENT_PROJECT_VERSION = 1;
				DEAD_CODE_STRIPPING = YES;
				GENERATE_INFOPLIST_FILE = YES;
				IPHONEOS_DEPLOYMENT_TARGET = 16.2;
				MACOSX_DEPLOYMENT_TARGET = 13.1;
				MARKETING_VERSION = 1.0;
				PRODUCT_BUNDLE_IDENTIFIER = "Vivien-Quach.BookwormTests";
				PRODUCT_NAME = "$(TARGET_NAME)";
				SDKROOT = auto;
				SUPPORTED_PLATFORMS = "iphoneos iphonesimulator macosx";
				SWIFT_EMIT_LOC_STRINGS = NO;
				SWIFT_VERSION = 5.0;
				TARGETED_DEVICE_FAMILY = "1,2";
				TEST_HOST = "$(BUILT_PRODUCTS_DIR)/Bookworm.app/$(BUNDLE_EXECUTABLE_FOLDER_PATH)/Bookworm";
			};
			name = Release;
		};
		1EF92F6529B6CE7400C6809E /* Debug */ = {
			isa = XCBuildConfiguration;
			buildSettings = {
				ALWAYS_EMBED_SWIFT_STANDARD_LIBRARIES = YES;
				CODE_SIGN_STYLE = Automatic;
				CURRENT_PROJECT_VERSION = 1;
				DEAD_CODE_STRIPPING = YES;
				GENERATE_INFOPLIST_FILE = YES;
				IPHONEOS_DEPLOYMENT_TARGET = 16.2;
				MACOSX_DEPLOYMENT_TARGET = 13.1;
				MARKETING_VERSION = 1.0;
				PRODUCT_BUNDLE_IDENTIFIER = "Vivien-Quach.BookwormUITests";
				PRODUCT_NAME = "$(TARGET_NAME)";
				SDKROOT = auto;
				SUPPORTED_PLATFORMS = "iphoneos iphonesimulator macosx";
				SWIFT_EMIT_LOC_STRINGS = NO;
				SWIFT_VERSION = 5.0;
				TARGETED_DEVICE_FAMILY = "1,2";
				TEST_TARGET_NAME = Bookworm;
			};
			name = Debug;
		};
		1EF92F6629B6CE7400C6809E /* Release */ = {
			isa = XCBuildConfiguration;
			buildSettings = {
				ALWAYS_EMBED_SWIFT_STANDARD_LIBRARIES = YES;
				CODE_SIGN_STYLE = Automatic;
				CURRENT_PROJECT_VERSION = 1;
				DEAD_CODE_STRIPPING = YES;
				GENERATE_INFOPLIST_FILE = YES;
				IPHONEOS_DEPLOYMENT_TARGET = 16.2;
				MACOSX_DEPLOYMENT_TARGET = 13.1;
				MARKETING_VERSION = 1.0;
				PRODUCT_BUNDLE_IDENTIFIER = "Vivien-Quach.BookwormUITests";
				PRODUCT_NAME = "$(TARGET_NAME)";
				SDKROOT = auto;
				SUPPORTED_PLATFORMS = "iphoneos iphonesimulator macosx";
				SWIFT_EMIT_LOC_STRINGS = NO;
				SWIFT_VERSION = 5.0;
				TARGETED_DEVICE_FAMILY = "1,2";
				TEST_TARGET_NAME = Bookworm;
			};
			name = Release;
		};
/* End XCBuildConfiguration section */

/* Begin XCConfigurationList section */
		1EF92F3429B6CE7100C6809E /* Build configuration list for PBXProject "Bookworm" */ = {
			isa = XCConfigurationList;
			buildConfigurations = (
				1EF92F5C29B6CE7400C6809E /* Debug */,
				1EF92F5D29B6CE7400C6809E /* Release */,
			);
			defaultConfigurationIsVisible = 0;
			defaultConfigurationName = Release;
		};
		1EF92F5E29B6CE7400C6809E /* Build configuration list for PBXNativeTarget "Bookworm" */ = {
			isa = XCConfigurationList;
			buildConfigurations = (
				1EF92F5F29B6CE7400C6809E /* Debug */,
				1EF92F6029B6CE7400C6809E /* Release */,
			);
			defaultConfigurationIsVisible = 0;
			defaultConfigurationName = Release;
		};
		1EF92F6129B6CE7400C6809E /* Build configuration list for PBXNativeTarget "BookwormTests" */ = {
			isa = XCConfigurationList;
			buildConfigurations = (
				1EF92F6229B6CE7400C6809E /* Debug */,
				1EF92F6329B6CE7400C6809E /* Release */,
			);
			defaultConfigurationIsVisible = 0;
			defaultConfigurationName = Release;
		};
		1EF92F6429B6CE7400C6809E /* Build configuration list for PBXNativeTarget "BookwormUITests" */ = {
			isa = XCConfigurationList;
			buildConfigurations = (
				1EF92F6529B6CE7400C6809E /* Debug */,
				1EF92F6629B6CE7400C6809E /* Release */,
			);
			defaultConfigurationIsVisible = 0;
			defaultConfigurationName = Release;
		};
/* End XCConfigurationList section */

/* Begin XCRemoteSwiftPackageReference section */
		1EAC01F92A86E80F003247D5 /* XCRemoteSwiftPackageReference "firebase-ios-sdk" */ = {
			isa = XCRemoteSwiftPackageReference;
			repositoryURL = "https://github.com/firebase/firebase-ios-sdk.git";
			requirement = {
				kind = upToNextMajorVersion;
				minimumVersion = 10.0.0;
			};
		};
/* End XCRemoteSwiftPackageReference section */

/* Begin XCSwiftPackageProductDependency section */
		1EAC01FA2A86E80F003247D5 /* FirebaseAuth */ = {
			isa = XCSwiftPackageProductDependency;
			package = 1EAC01F92A86E80F003247D5 /* XCRemoteSwiftPackageReference "firebase-ios-sdk" */;
			productName = FirebaseAuth;
		};
		1EAC01FC2A86E80F003247D5 /* FirebaseFirestore */ = {
			isa = XCSwiftPackageProductDependency;
			package = 1EAC01F92A86E80F003247D5 /* XCRemoteSwiftPackageReference "firebase-ios-sdk" */;
			productName = FirebaseFirestore;
		};
		1EAC01FE2A86E80F003247D5 /* FirebaseFirestoreSwift */ = {
			isa = XCSwiftPackageProductDependency;
			package = 1EAC01F92A86E80F003247D5 /* XCRemoteSwiftPackageReference "firebase-ios-sdk" */;
			productName = FirebaseFirestoreSwift;
		};
		1EAC02002A86E80F003247D5 /* FirebaseStorage */ = {
			isa = XCSwiftPackageProductDependency;
			package = 1EAC01F92A86E80F003247D5 /* XCRemoteSwiftPackageReference "firebase-ios-sdk" */;
			productName = FirebaseStorage;
		};
/* End XCSwiftPackageProductDependency section */

/* Begin XCVersionGroup section */
		1EF92F6729B6D0D900C6809E /* Bookworm.xcdatamodeld */ = {
			isa = XCVersionGroup;
			children = (
				1E3774E42A844AE700DD5B52 /* Bookworm 2.xcdatamodel */,
				1EF92F6829B6D0D900C6809E /* Bookworm.xcdatamodel */,
			);
			currentVersion = 1E3774E42A844AE700DD5B52 /* Bookworm 2.xcdatamodel */;
			path = Bookworm.xcdatamodeld;
			sourceTree = "<group>";
			versionGroupType = wrapper.xcdatamodel;
		};
/* End XCVersionGroup section */
	};
	rootObject = 1EF92F3129B6CE7100C6809E /* Project object */;
}
